# THIS IS AN AUTOGENERATED FILE. DO NOT EDIT THIS FILE DIRECTLY.
# yarn lockfile v1


colors@>=0.6.0:
  version "1.4.0"
  resolved "https://registry.yarnpkg.com/colors/-/colors-1.4.0.tgz#c50491479d4c1bdaed2c9ced32cf7c7dc2360f78"
  integrity sha512-a+UqTh4kgZg/SlGvfbzDHpgRu7AAQOmmqRHJnxhRZICKFUT91brVhNNt58CMWU9PsBbv3PDCZUHbVxuDiH2mtA==

dotenv@8.2.0:
  version "8.2.0"
  resolved "https://registry.yarnpkg.com/dotenv/-/dotenv-8.2.0.tgz#97e619259ada750eea3e4ea3e26bceea5424b16a"
  integrity sha512-8sJ78ElpbDJBHNeBzUbUVLsqKdccaa/BXF1uPTw3GrvQTBgrQrtObr2mUrE38vzYd8cEv+m/JBfDLioYcfXoaw==

mime@^1.2.9:
  version "1.6.0"
  resolved "https://registry.yarnpkg.com/mime/-/mime-1.6.0.tgz#32cd9e5c64553bd58d19a568af452acff04981b1"
  integrity sha512-x0Vn8spI+wuJ1O6S7gnbaQg8Pxh4NNHb7KSINmEWKiPE4RKOplvijn+NkmYmmRgP68mc70j2EbeTFRsrswaQeg==

minimist@~0.0.1:
  version "0.0.10"
  resolved "https://registry.yarnpkg.com/minimist/-/minimist-0.0.10.tgz#de3f98543dbf96082be48ad1a0c7cda836301dcf"
  integrity sha1-3j+YVD2/lggr5IrRoMfNqDYwHc8=

node-fetch@2.6.1:
  version "2.6.1"
  resolved "https://registry.yarnpkg.com/node-fetch/-/node-fetch-2.6.1.tgz#045bd323631f76ed2e2b55573394416b639a0052"
  integrity sha512-V4aYg89jEoVRxRb2fJdAg8FHvI7cEyYdVAh94HH0UIK8oJxUfkjlDQN9RbMx+bEjP7+ggMiFRprSti032Oipxw==

node-static@0.7.11:
  version "0.7.11"
  resolved "https://registry.yarnpkg.com/node-static/-/node-static-0.7.11.tgz#60120d349f3cef533e4e820670057eb631882e7f"
  integrity sha512-zfWC/gICcqb74D9ndyvxZWaI1jzcoHmf4UTHWQchBNuNMxdBLJMDiUgZ1tjGLEIe/BMhj2DxKD8HOuc2062pDQ==
  dependencies:
    colors ">=0.6.0"
    mime "^1.2.9"
    optimist ">=0.3.4"

nodemailer@6.5.0:
  version "6.5.0"
  resolved "https://registry.yarnpkg.com/nodemailer/-/nodemailer-6.5.0.tgz#d12c28d8d48778918e25f1999d97910231b175d9"
  integrity sha512-Tm4RPrrIZbnqDKAvX+/4M+zovEReiKlEXWDzG4iwtpL9X34MJY+D5LnQPH/+eghe8DLlAVshHAJZAZWBGhkguw==

optimist@>=0.3.4:
  version "0.6.1"
  resolved "https://registry.yarnpkg.com/optimist/-/optimist-0.6.1.tgz#da3ea74686fa21a19a111c326e90eb15a0196686"
  integrity sha1-2j6nRob6IaGaERwybpDrFaAZZoY=
  dependencies:
    minimist "~0.0.1"
    wordwrap "~0.0.2"

wordwrap@~0.0.2:
  version "0.0.3"
  resolved "https://registry.yarnpkg.com/wordwrap/-/wordwrap-0.0.3.tgz#a3d5da6cd5c0bc0008d37234bbaf1bed63059107"
  integrity sha1-o9XabNXAvAAI03I0u68b7WMFkQc=
